packages:
  apb:
    revision: 77ddf073f194d44b9119949d2421be59789e69ae
    version: 0.2.4
    source:
      Git: https://github.com/pulp-platform/apb.git
    dependencies:
    - common_cells
  apb_uart:
    revision: 8182a85d234417db46fe833533f8536644d3bee3
    version: 0.2.3
    source:
      Git: https://github.com/pulp-platform/apb_uart.git
    dependencies:
    - apb
    - obi
    - obi_peripherals
    - register_interface
  axi:
    revision: a8c53cee2520d328d390c507c88818e8ac144c8c
    version: 0.39.10
    source:
      Git: https://github.com/pulp-platform/axi.git
    dependencies:
    - common_cells
    - common_verification
    - tech_cells_generic
  common_cells:
    revision: 1281545696eb3fcba50ec5b4275993476a3c710e
    version: 1.40.0
    source:
      Git: https://github.com/pulp-platform/common_cells.git
    dependencies:
    - common_verification
    - tech_cells_generic
  common_verification:
    revision: fb1885f48ea46164a10568aeff51884389f67ae3
    version: 0.2.5
    source:
      Git: https://github.com/pulp-platform/common_verification.git
    dependencies: []
  friscv-adapters:
    revision: 36e005d6f03c486d30703259243e07d466d9d451
    version: 0.1.2
    source:
      Git: https://github.com/EmilPopovic/friscv-adapters.git
    dependencies:
    - axi
    - friscv-mem-if
  friscv-mem-if:
    revision: 22690117aeb6f18e1a35d0b01146fcf142c4a0cb
    version: 0.1.0
    source:
      Git: https://github.com/EmilPopovic/friscv-mem-if.git
    dependencies: []
  obi:
    revision: 0155fc34e900c7c884e081c0a1114a247937ff69
    version: 0.1.7
    source:
      Git: https://github.com/pulp-platform/obi.git
    dependencies:
    - common_cells
    - common_verification
  obi_peripherals:
    revision: 079894a6cbd4e544c477643d184a4c340bd4e391
    version: 0.1.1
    source:
      Git: https://github.com/pulp-platform/obi_peripherals.git
    dependencies:
    - common_cells
    - obi
  opentitan_peripherals:
    revision: cd3153de2783abd3d03d0595e6c4b32413c62f14
    version: 0.4.0
    source:
      Git: https://github.com/pulp-platform/opentitan_peripherals.git
    dependencies:
    - common_cells
    - register_interface
    - tech_cells_generic
  register_interface:
    revision: 146501d80052b61475cdc333d3aab4cd769fd5dc
    version: 0.3.9
    source:
      Git: https://github.com/pulp-platform/register_interface.git
    dependencies:
    - apb
    - axi
    - common_cells
  riscv-dbg:
    revision: deed17e18c0d61ce8dc554300bb4dd5c39be2a13
    version: 0.10.1
    source:
      Git: https://github.com/pulp-platform/riscv-dbg.git
    dependencies:
    - common_cells
    - tech_cells_generic
  riscv-frac-aclint:
    revision: cda25fce61c64560c540fa491635a55aecff3378
    version: 0.1.1
    source:
      Git: https://github.com/EmilPopovic/riscv-frac-aclint.git
    dependencies:
    - register_interface
  tech_cells_generic:
    revision: 3a3de73632a06826b1bd9c65a0a2e92b32016845
    version: 0.2.14
    source:
      Git: https://github.com/pulp-platform/tech_cells_generic.git
    dependencies:
    - common_verification
