{
  "nodes": {
    "nix-eda": {
      "inputs": {
        "nixpkgs": "nixpkgs"
      },
      "locked": {
        "lastModified": 1780909493,
        "narHash": "sha256-DI5j5e387Otx7KQFjaGR4iXOl4+h0s5aR/HXo28cbhU=",
        "owner": "fossi-foundation",
        "repo": "nix-eda",
        "rev": "ebee72ea782641c04291dfa4cdcb560d22047bab",
        "type": "github"
      },
      "original": {
        "owner": "fossi-foundation",
        "repo": "nix-eda",
        "type": "github"
      }
    },
    "nixpkgs": {
      "locked": {
        "lastModified": 1766201043,
        "narHash": "sha256-eplAP+rorKKd0gNjV3rA6+0WMzb1X1i16F5m5pASnjA=",
        "owner": "nixos",
        "repo": "nixpkgs",
        "rev": "b3aad468604d3e488d627c0b43984eb60e75e782",
        "type": "github"
      },
      "original": {
        "owner": "nixos",
        "ref": "nixos-25.11",
        "repo": "nixpkgs",
        "type": "github"
      }
    },
    "root": {
      "inputs": {
        "nix-eda": "nix-eda",
        "nixpkgs": [
          "nix-eda",
          "nixpkgs"
        ]
      }
    }
  },
  "root": "root",
  "version": 7
}
